// !$*UTF8*$!
{
	archiveVersion = 1;
	classes = {
	};
	objectVersion = 48;
	objects = {

/* Begin PBXBuildFile section */
		028522042065A8F90090EF01 /* SwiftMagic.framework in Frameworks */ = {isa = PBXBuildFile; fileRef = 028521FA2065A8F90090EF01 /* SwiftMagic.framework */; };
		028522092065A8F90090EF01 /* SwiftMagicTests.swift in Sources */ = {isa = PBXBuildFile; fileRef = 028522082065A8F90090EF01 /* SwiftMagicTests.swift */; };
		0285220B2065A8F90090EF01 /* SwiftMagic.h in Headers */ = {isa = PBXBuildFile; fileRef = 028521FD2065A8F90090EF01 /* SwiftMagic.h */; settings = {ATTRIBUTES = (Public, ); }; };
		028522232065A9180090EF01 /* Extension+Fundation.swift in Sources */ = {isa = PBXBuildFile; fileRef = 028522152065A9170090EF01 /* Extension+Fundation.swift */; };
		028522242065A9180090EF01 /* FileManager.swift in Sources */ = {isa = PBXBuildFile; fileRef = 028522162065A9170090EF01 /* FileManager.swift */; };
		028522252065A9180090EF01 /* Extension+UIDevice.swift in Sources */ = {isa = PBXBuildFile; fileRef = 028522172065A9170090EF01 /* Extension+UIDevice.swift */; };
		028522262065A9180090EF01 /* Extension+UIColor.swift in Sources */ = {isa = PBXBuildFile; fileRef = 028522182065A9170090EF01 /* Extension+UIColor.swift */; };
		028522272065A9180090EF01 /* Extension+Date.swift in Sources */ = {isa = PBXBuildFile; fileRef = 028522192065A9170090EF01 /* Extension+Date.swift */; };
		028522282065A9180090EF01 /* Extension+UI.swift in Sources */ = {isa = PBXBuildFile; fileRef = 0285221A2065A9170090EF01 /* Extension+UI.swift */; };
		028522292065A9180090EF01 /* Logger.swift in Sources */ = {isa = PBXBuildFile; fileRef = 0285221B2065A9170090EF01 /* Logger.swift */; };
		0285222A2065A9180090EF01 /* LoggerViewController.swift in Sources */ = {isa = PBXBuildFile; fileRef = 0285221D2065A9170090EF01 /* LoggerViewController.swift */; };
		0285222B2065A9180090EF01 /* LoggerManager.swift in Sources */ = {isa = PBXBuildFile; fileRef = 0285221F2065A9170090EF01 /* LoggerManager.swift */; };
		0285222C2065A9180090EF01 /* DeviceManager.swift in Sources */ = {isa = PBXBuildFile; fileRef = 028522202065A9170090EF01 /* DeviceManager.swift */; };
		0285222D2065A9180090EF01 /* HScrollableTextView.swift in Sources */ = {isa = PBXBuildFile; fileRef = 028522222065A9170090EF01 /* HScrollableTextView.swift */; };
/* End PBXBuildFile section */

/* Begin PBXContainerItemProxy section */
		028522052065A8F90090EF01 /* PBXContainerItemProxy */ = {
			isa = PBXContainerItemProxy;
			containerPortal = 028521F12065A8F90090EF01 /* Project object */;
			proxyType = 1;
			remoteGlobalIDString = 028521F92065A8F90090EF01;
			remoteInfo = SwiftMagic;
		};
/* End PBXContainerItemProxy section */

/* Begin PBXFileReference section */
		028521FA2065A8F90090EF01 /* SwiftMagic.framework */ = {isa = PBXFileReference; explicitFileType = wrapper.framework; includeInIndex = 0; path = SwiftMagic.framework; sourceTree = BUILT_PRODUCTS_DIR; };
		028521FD2065A8F90090EF01 /* SwiftMagic.h */ = {isa = PBXFileReference; lastKnownFileType = sourcecode.c.h; path = SwiftMagic.h; sourceTree = "<group>"; };
		028521FE2065A8F90090EF01 /* Info.plist */ = {isa = PBXFileReference; lastKnownFileType = text.plist.xml; path = Info.plist; sourceTree = "<group>"; };
		028522032065A8F90090EF01 /* SwiftMagicTests.xctest */ = {isa = PBXFileReference; explicitFileType = wrapper.cfbundle; includeInIndex = 0; path = SwiftMagicTests.xctest; sourceTree = BUILT_PRODUCTS_DIR; };
		028522082065A8F90090EF01 /* SwiftMagicTests.swift */ = {isa = PBXFileReference; lastKnownFileType = sourcecode.swift; path = SwiftMagicTests.swift; sourceTree = "<group>"; };
		0285220A2065A8F90090EF01 /* Info.plist */ = {isa = PBXFileReference; lastKnownFileType = text.plist.xml; path = Info.plist; sourceTree = "<group>"; };
		028522152065A9170090EF01 /* Extension+Fundation.swift */ = {isa = PBXFileReference; fileEncoding = 4; lastKnownFileType = sourcecode.swift; path = "Extension+Fundation.swift"; sourceTree = "<group>"; };
		028522162065A9170090EF01 /* FileManager.swift */ = {isa = PBXFileReference; fileEncoding = 4; lastKnownFileType = sourcecode.swift; path = FileManager.swift; sourceTree = "<group>"; };
		028522172065A9170090EF01 /* Extension+UIDevice.swift */ = {isa = PBXFileReference; fileEncoding = 4; lastKnownFileType = sourcecode.swift; path = "Extension+UIDevice.swift"; sourceTree = "<group>"; };
		028522182065A9170090EF01 /* Extension+UIColor.swift */ = {isa = PBXFileReference; fileEncoding = 4; lastKnownFileType = sourcecode.swift; path = "Extension+UIColor.swift"; sourceTree = "<group>"; };
		028522192065A9170090EF01 /* Extension+Date.swift */ = {isa = PBXFileReference; fileEncoding = 4; lastKnownFileType = sourcecode.swift; path = "Extension+Date.swift"; sourceTree = "<group>"; };
		0285221A2065A9170090EF01 /* Extension+UI.swift */ = {isa = PBXFileReference; fileEncoding = 4; lastKnownFileType = sourcecode.swift; path = "Extension+UI.swift"; sourceTree = "<group>"; };
		0285221B2065A9170090EF01 /* Logger.swift */ = {isa = PBXFileReference; fileEncoding = 4; lastKnownFileType = sourcecode.swift; path = Logger.swift; sourceTree = "<group>"; };
		0285221D2065A9170090EF01 /* LoggerViewController.swift */ = {isa = PBXFileReference; fileEncoding = 4; lastKnownFileType = sourcecode.swift; path = LoggerViewController.swift; sourceTree = "<group>"; };
		0285221F2065A9170090EF01 /* LoggerManager.swift */ = {isa = PBXFileReference; fileEncoding = 4; lastKnownFileType = sourcecode.swift; path = LoggerManager.swift; sourceTree = "<group>"; };
		028522202065A9170090EF01 /* DeviceManager.swift */ = {isa = PBXFileReference; fileEncoding = 4; lastKnownFileType = sourcecode.swift; path = DeviceManager.swift; sourceTree = "<group>"; };
		028522222065A9170090EF01 /* HScrollableTextView.swift */ = {isa = PBXFileReference; fileEncoding = 4; lastKnownFileType = sourcecode.swift; path = HScrollableTextView.swift; sourceTree = "<group>"; };
/* End PBXFileReference section */

/* Begin PBXFrameworksBuildPhase section */
		028521F62065A8F90090EF01 /* Frameworks */ = {
			isa = PBXFrameworksBuildPhase;
			buildActionMask = 2147483647;
			files = (
			);
			runOnlyForDeploymentPostprocessing = 0;
		};
		028522002065A8F90090EF01 /* Frameworks */ = {
			isa = PBXFrameworksBuildPhase;
			buildActionMask = 2147483647;
			files = (
				028522042065A8F90090EF01 /* SwiftMagic.framework in Frameworks */,
			);
			runOnlyForDeploymentPostprocessing = 0;
		};
/* End PBXFrameworksBuildPhase section */

/* Begin PBXGroup section */
		028521F02065A8F90090EF01 = {
			isa = PBXGroup;
			children = (
				028521FC2065A8F90090EF01 /* SwiftMagic */,
				028522072065A8F90090EF01 /* SwiftMagicTests */,
				028521FB2065A8F90090EF01 /* Products */,
			);
			sourceTree = "<group>";
		};
		028521FB2065A8F90090EF01 /* Products */ = {
			isa = PBXGroup;
			children = (
				028521FA2065A8F90090EF01 /* SwiftMagic.framework */,
				028522032065A8F90090EF01 /* SwiftMagicTests.xctest */,
			);
			name = Products;
			sourceTree = "<group>";
		};
		028521FC2065A8F90090EF01 /* SwiftMagic */ = {
			isa = PBXGroup;
			children = (
				0285221B2065A9170090EF01 /* Logger.swift */,
				0285221C2065A9170090EF01 /* Controllers */,
				028522142065A9170090EF01 /* Extensions */,
				0285221E2065A9170090EF01 /* Managers */,
				028522212065A9170090EF01 /* Views */,
				028521FD2065A8F90090EF01 /* SwiftMagic.h */,
				028521FE2065A8F90090EF01 /* Info.plist */,
			);
			path = SwiftMagic;
			sourceTree = "<group>";
		};
		028522072065A8F90090EF01 /* SwiftMagicTests */ = {
			isa = PBXGroup;
			children = (
				028522082065A8F90090EF01 /* SwiftMagicTests.swift */,
				0285220A2065A8F90090EF01 /* Info.plist */,
			);
			path = SwiftMagicTests;
			sourceTree = "<group>";
		};
		028522142065A9170090EF01 /* Extensions */ = {
			isa = PBXGroup;
			children = (
				028522152065A9170090EF01 /* Extension+Fundation.swift */,
				028522162065A9170090EF01 /* FileManager.swift */,
				028522172065A9170090EF01 /* Extension+UIDevice.swift */,
				028522182065A9170090EF01 /* Extension+UIColor.swift */,
				028522192065A9170090EF01 /* Extension+Date.swift */,
				0285221A2065A9170090EF01 /* Extension+UI.swift */,
			);
			path = Extensions;
			sourceTree = "<group>";
		};
		0285221C2065A9170090EF01 /* Controllers */ = {
			isa = PBXGroup;
			children = (
				0285221D2065A9170090EF01 /* LoggerViewController.swift */,
			);
			path = Controllers;
			sourceTree = "<group>";
		};
		0285221E2065A9170090EF01 /* Managers */ = {
			isa = PBXGroup;
			children = (
				0285221F2065A9170090EF01 /* LoggerManager.swift */,
				028522202065A9170090EF01 /* DeviceManager.swift */,
			);
			path = Managers;
			sourceTree = "<group>";
		};
		028522212065A9170090EF01 /* Views */ = {
			isa = PBXGroup;
			children = (
				028522222065A9170090EF01 /* HScrollableTextView.swift */,
			);
			path = Views;
			sourceTree = "<group>";
		};
/* End PBXGroup section */

/* Begin PBXHeadersBuildPhase section */
		028521F72065A8F90090EF01 /* Headers */ = {
			isa = PBXHeadersBuildPhase;
			buildActionMask = 2147483647;
			files = (
				0285220B2065A8F90090EF01 /* SwiftMagic.h in Headers */,
			);
			runOnlyForDeploymentPostprocessing = 0;
		};
/* End PBXHeadersBuildPhase section */

/* Begin PBXNativeTarget section */
		028521F92065A8F90090EF01 /* SwiftMagic */ = {
			isa = PBXNativeTarget;
			buildConfigurationList = 0285220E2065A8F90090EF01 /* Build configuration list for PBXNativeTarget "SwiftMagic" */;
			buildPhases = (
				028521F52065A8F90090EF01 /* Sources */,
				028521F62065A8F90090EF01 /* Frameworks */,
				028521F72065A8F90090EF01 /* Headers */,
				028521F82065A8F90090EF01 /* Resources */,
			);
			buildRules = (
			);
			dependencies = (
			);
			name = SwiftMagic;
			productName = SwiftMagic;
			productReference = 028521FA2065A8F90090EF01 /* SwiftMagic.framework */;
			productType = "com.apple.product-type.framework";
		};
		028522022065A8F90090EF01 /* SwiftMagicTests */ = {
			isa = PBXNativeTarget;
			buildConfigurationList = 028522112065A8F90090EF01 /* Build configuration list for PBXNativeTarget "SwiftMagicTests" */;
			buildPhases = (
				028521FF2065A8F90090EF01 /* Sources */,
				028522002065A8F90090EF01 /* Frameworks */,
				028522012065A8F90090EF01 /* Resources */,
			);
			buildRules = (
			);
			dependencies = (
				028522062065A8F90090EF01 /* PBXTargetDependency */,
			);
			name = SwiftMagicTests;
			productName = SwiftMagicTests;
			productReference = 028522032065A8F90090EF01 /* SwiftMagicTests.xctest */;
			productType = "com.apple.product-type.bundle.unit-test";
		};
/* End PBXNativeTarget section */

/* Begin PBXProject section */
		028521F12065A8F90090EF01 /* Project object */ = {
			isa = PBXProject;
			attributes = {
				LastSwiftUpdateCheck = 0920;
				LastUpgradeCheck = 0920;
				ORGANIZATIONNAME = "Zhihui Tang";
				TargetAttributes = {
					028521F92065A8F90090EF01 = {
						CreatedOnToolsVersion = 9.2;
						LastSwiftMigration = 0920;
						ProvisioningStyle = Automatic;
					};
					028522022065A8F90090EF01 = {
						CreatedOnToolsVersion = 9.2;
						ProvisioningStyle = Automatic;
					};
				};
			};
			buildConfigurationList = 028521F42065A8F90090EF01 /* Build configuration list for PBXProject "SwiftMagic" */;
			compatibilityVersion = "Xcode 8.0";
			developmentRegion = en;
			hasScannedForEncodings = 0;
			knownRegions = (
				en,
			);
			mainGroup = 028521F02065A8F90090EF01;
			productRefGroup = 028521FB2065A8F90090EF01 /* Products */;
			projectDirPath = "";
			projectRoot = "";
			targets = (
				028521F92065A8F90090EF01 /* SwiftMagic */,
				028522022065A8F90090EF01 /* SwiftMagicTests */,
			);
		};
/* End PBXProject section */

/* Begin PBXResourcesBuildPhase section */
		028521F82065A8F90090EF01 /* Resources */ = {
			isa = PBXResourcesBuildPhase;
			buildActionMask = 2147483647;
			files = (
			);
			runOnlyForDeploymentPostprocessing = 0;
		};
		028522012065A8F90090EF01 /* Resources */ = {
			isa = PBXResourcesBuildPhase;
			buildActionMask = 2147483647;
			files = (
			);
			runOnlyForDeploymentPostprocessing = 0;
		};
/* End PBXResourcesBuildPhase section */

/* Begin PBXSourcesBuildPhase section */
		028521F52065A8F90090EF01 /* Sources */ = {
			isa = PBXSourcesBuildPhase;
			buildActionMask = 2147483647;
			files = (
				028522232065A9180090EF01 /* Extension+Fundation.swift in Sources */,
				028522242065A9180090EF01 /* FileManager.swift in Sources */,
				0285222B2065A9180090EF01 /* LoggerManager.swift in Sources */,
				0285222C2065A9180090EF01 /* DeviceManager.swift in Sources */,
				028522252065A9180090EF01 /* Extension+UIDevice.swift in Sources */,
				028522262065A9180090EF01 /* Extension+UIColor.swift in Sources */,
				0285222A2065A9180090EF01 /* LoggerViewController.swift in Sources */,
				028522292065A9180090EF01 /* Logger.swift in Sources */,
				028522272065A9180090EF01 /* Extension+Date.swift in Sources */,
				028522282065A9180090EF01 /* Extension+UI.swift in Sources */,
				0285222D2065A9180090EF01 /* HScrollableTextView.swift in Sources */,
			);
			runOnlyForDeploymentPostprocessing = 0;
		};
		028521FF2065A8F90090EF01 /* Sources */ = {
			isa = PBXSourcesBuildPhase;
			buildActionMask = 2147483647;
			files = (
				028522092065A8F90090EF01 /* SwiftMagicTests.swift in Sources */,
			);
			runOnlyForDeploymentPostprocessing = 0;
		};
/* End PBXSourcesBuildPhase section */

/* Begin PBXTargetDependency section */
		028522062065A8F90090EF01 /* PBXTargetDependency */ = {
			isa = PBXTargetDependency;
			target = 028521F92065A8F90090EF01 /* SwiftMagic */;
			targetProxy = 028522052065A8F90090EF01 /* PBXContainerItemProxy */;
		};
/* End PBXTargetDependency section */

/* Begin XCBuildConfiguration section */
		0285220C2065A8F90090EF01 /* Debug */ = {
			isa = XCBuildConfiguration;
			buildSettings = {
				ALWAYS_SEARCH_USER_PATHS = NO;
				CLANG_ANALYZER_NONNULL = YES;
				CLANG_ANALYZER_NUMBER_OBJECT_CONVERSION = YES_AGGRESSIVE;
				CLANG_CXX_LANGUAGE_STANDARD = "gnu++14";
				CLANG_CXX_LIBRARY = "libc++";
				CLANG_ENABLE_MODULES = YES;
				CLANG_ENABLE_OBJC_ARC = YES;
				CLANG_WARN_BLOCK_CAPTURE_AUTORELEASING = YES;
				CLANG_WARN_BOOL_CONVERSION = YES;
				CLANG_WARN_COMMA = YES;
				CLANG_WARN_CONSTANT_CONVERSION = YES;
				CLANG_WARN_DIRECT_OBJC_ISA_USAGE = YES_ERROR;
				CLANG_WARN_DOCUMENTATION_COMMENTS = YES;
				CLANG_WARN_EMPTY_BODY = YES;
				CLANG_WARN_ENUM_CONVERSION = YES;
				CLANG_WARN_INFINITE_RECURSION = YES;
				CLANG_WARN_INT_CONVERSION = YES;
				CLANG_WARN_NON_LITERAL_NULL_CONVERSION = YES;
				CLANG_WARN_OBJC_LITERAL_CONVERSION = YES;
				CLANG_WARN_OBJC_ROOT_CLASS = YES_ERROR;
				CLANG_WARN_RANGE_LOOP_ANALYSIS = YES;
				CLANG_WARN_STRICT_PROTOTYPES = YES;
				CLANG_WARN_SUSPICIOUS_MOVE = YES;
				CLANG_WARN_UNGUARDED_AVAILABILITY = YES_AGGRESSIVE;
				CLANG_WARN_UNREACHABLE_CODE = YES;
				CLANG_WARN__DUPLICATE_METHOD_MATCH = YES;
				CODE_SIGN_IDENTITY = "iPhone Developer";
				COPY_PHASE_STRIP = NO;
				CURRENT_PROJECT_VERSION = 1;
				DEBUG_INFORMATION_FORMAT = dwarf;
				ENABLE_STRICT_OBJC_MSGSEND = YES;
				ENABLE_TESTABILITY = YES;
				GCC_C_LANGUAGE_STANDARD = gnu11;
				GCC_DYNAMIC_NO_PIC = NO;
				GCC_NO_COMMON_BLOCKS = YES;
				GCC_OPTIMIZATION_LEVEL = 0;
				GCC_PREPROCESSOR_DEFINITIONS = (
					"DEBUG=1",
					"$(inherited)",
				);
				GCC_WARN_64_TO_32_BIT_CONVERSION = YES;
				GCC_WARN_ABOUT_RETURN_TYPE = YES_ERROR;
				GCC_WARN_UNDECLARED_SELECTOR = YES;
				GCC_WARN_UNINITIALIZED_AUTOS = YES_AGGRESSIVE;
				GCC_WARN_UNUSED_FUNCTION = YES;
				GCC_WARN_UNUSED_VARIABLE = YES;
				IPHONEOS_DEPLOYMENT_TARGET = 11.2;
				MTL_ENABLE_DEBUG_INFO = YES;
				ONLY_ACTIVE_ARCH = YES;
				SDKROOT = iphoneos;
				SWIFT_ACTIVE_COMPILATION_CONDITIONS = DEBUG;
				SWIFT_OPTIMIZATION_LEVEL = "-Onone";
				VERSIONING_SYSTEM = "apple-generic";
				VERSION_INFO_PREFIX = "";
			};
			name = Debug;
		};
		0285220D2065A8F90090EF01 /* Release */ = {
			isa = XCBuildConfiguration;
			buildSettings = {
				ALWAYS_SEARCH_USER_PATHS = NO;
				CLANG_ANALYZER_NONNULL = YES;
				CLANG_ANALYZER_NUMBER_OBJECT_CONVERSION = YES_AGGRESSIVE;
				CLANG_CXX_LANGUAGE_STANDARD = "gnu++14";
				CLANG_CXX_LIBRARY = "libc++";
				CLANG_ENABLE_MODULES = YES;
				CLANG_ENABLE_OBJC_ARC = YES;
				CLANG_WARN_BLOCK_CAPTURE_AUTORELEASING = YES;
				CLANG_WARN_BOOL_CONVERSION = YES;
				CLANG_WARN_COMMA = YES;
				CLANG_WARN_CONSTANT_CONVERSION = YES;
				CLANG_WARN_DIRECT_OBJC_ISA_USAGE = YES_ERROR;
				CLANG_WARN_DOCUMENTATION_COMMENTS = YES;
				CLANG_WARN_EMPTY_BODY = YES;
				CLANG_WARN_ENUM_CONVERSION = YES;
				CLANG_WARN_INFINITE_RECURSION = YES;
				CLANG_WARN_INT_CONVERSION = YES;
				CLANG_WARN_NON_LITERAL_NULL_CONVERSION = YES;
				CLANG_WARN_OBJC_LITERAL_CONVERSION = YES;
				CLANG_WARN_OBJC_ROOT_CLASS = YES_ERROR;
				CLANG_WARN_RANGE_LOOP_ANALYSIS = YES;
				CLANG_WARN_STRICT_PROTOTYPES = YES;
				CLANG_WARN_SUSPICIOUS_MOVE = YES;
				CLANG_WARN_UNGUARDED_AVAILABILITY = YES_AGGRESSIVE;
				CLANG_WARN_UNREACHABLE_CODE = YES;
				CLANG_WARN__DUPLICATE_METHOD_MATCH = YES;
				CODE_SIGN_IDENTITY = "iPhone Developer";
				COPY_PHASE_STRIP = NO;
				CURRENT_PROJECT_VERSION = 1;
				DEBUG_INFORMATION_FORMAT = "dwarf-with-dsym";
				ENABLE_NS_ASSERTIONS = NO;
				ENABLE_STRICT_OBJC_MSGSEND = YES;
				GCC_C_LANGUAGE_STANDARD = gnu11;
				GCC_NO_COMMON_BLOCKS = YES;
				GCC_WARN_64_TO_32_BIT_CONVERSION = YES;
				GCC_WARN_ABOUT_RETURN_TYPE = YES_ERROR;
				GCC_WARN_UNDECLARED_SELECTOR = YES;
				GCC_WARN_UNINITIALIZED_AUTOS = YES_AGGRESSIVE;
				GCC_WARN_UNUSED_FUNCTION = YES;
				GCC_WARN_UNUSED_VARIABLE = YES;
				IPHONEOS_DEPLOYMENT_TARGET = 11.2;
				MTL_ENABLE_DEBUG_INFO = NO;
				SDKROOT = iphoneos;
				SWIFT_OPTIMIZATION_LEVEL = "-Owholemodule";
				VALIDATE_PRODUCT = YES;
				VERSIONING_SYSTEM = "apple-generic";
				VERSION_INFO_PREFIX = "";
			};
			name = Release;
		};
		0285220F2065A8F90090EF01 /* Debug */ = {
			isa = XCBuildConfiguration;
			buildSettings = {
				CLANG_ENABLE_MODULES = YES;
				CODE_SIGN_IDENTITY = "";
				CODE_SIGN_STYLE = Automatic;
				DEFINES_MODULE = YES;
				DEVELOPMENT_TEAM = RYYCVPYKXT;
				DYLIB_COMPATIBILITY_VERSION = 1;
				DYLIB_CURRENT_VERSION = 1;
				DYLIB_INSTALL_NAME_BASE = "@rpath";
				INFOPLIST_FILE = SwiftMagic/Info.plist;
				INSTALL_PATH = "$(LOCAL_LIBRARY_DIR)/Frameworks";
				LD_RUNPATH_SEARCH_PATHS = "$(inherited) @executable_path/Frameworks @loader_path/Frameworks";
				PRODUCT_BUNDLE_IDENTIFIER = crafttang.SwiftMagic;
				PRODUCT_NAME = "$(TARGET_NAME:c99extidentifier)";
				SKIP_INSTALL = YES;
				SWIFT_OPTIMIZATION_LEVEL = "-Onone";
				SWIFT_VERSION = 4.0;
				TARGETED_DEVICE_FAMILY = "1,2";
			};
			name = Debug;
		};
		028522102065A8F90090EF01 /* Release */ = {
			isa = XCBuildConfiguration;
			buildSettings = {
				CLANG_ENABLE_MODULES = YES;
				CODE_SIGN_IDENTITY = "";
				CODE_SIGN_STYLE = Automatic;
				DEFINES_MODULE = YES;
				DEVELOPMENT_TEAM = RYYCVPYKXT;
				DYLIB_COMPATIBILITY_VERSION = 1;
				DYLIB_CURRENT_VERSION = 1;
				DYLIB_INSTALL_NAME_BASE = "@rpath";
				INFOPLIST_FILE = SwiftMagic/Info.plist;
				INSTALL_PATH = "$(LOCAL_LIBRARY_DIR)/Frameworks";
				LD_RUNPATH_SEARCH_PATHS = "$(inherited) @executable_path/Frameworks @loader_path/Frameworks";
				PRODUCT_BUNDLE_IDENTIFIER = crafttang.SwiftMagic;
				PRODUCT_NAME = "$(TARGET_NAME:c99extidentifier)";
				SKIP_INSTALL = YES;
				SWIFT_VERSION = 4.0;
				TARGETED_DEVICE_FAMILY = "1,2";
			};
			name = Release;
		};
		028522122065A8F90090EF01 /* Debug */ = {
			isa = XCBuildConfiguration;
			buildSettings = {
				ALWAYS_EMBED_SWIFT_STANDARD_LIBRARIES = YES;
				CODE_SIGN_STYLE = Automatic;
				DEVELOPMENT_TEAM = RYYCVPYKXT;
				INFOPLIST_FILE = SwiftMagicTests/Info.plist;
				LD_RUNPATH_SEARCH_PATHS = "$(inherited) @executable_path/Frameworks @loader_path/Frameworks";
				PRODUCT_BUNDLE_IDENTIFIER = crafttang.SwiftMagicTests;
				PRODUCT_NAME = "$(TARGET_NAME)";
				SWIFT_VERSION = 4.0;
				TARGETED_DEVICE_FAMILY = "1,2";
			};
			name = Debug;
		};
		028522132065A8F90090EF01 /* Release */ = {
			isa = XCBuildConfiguration;
			buildSettings = {
				ALWAYS_EMBED_SWIFT_STANDARD_LIBRARIES = YES;
				CODE_SIGN_STYLE = Automatic;
				DEVELOPMENT_TEAM = RYYCVPYKXT;
				INFOPLIST_FILE = SwiftMagicTests/Info.plist;
				LD_RUNPATH_SEARCH_PATHS = "$(inherited) @executable_path/Frameworks @loader_path/Frameworks";
				PRODUCT_BUNDLE_IDENTIFIER = crafttang.SwiftMagicTests;
				PRODUCT_NAME = "$(TARGET_NAME)";
				SWIFT_VERSION = 4.0;
				TARGETED_DEVICE_FAMILY = "1,2";
			};
			name = Release;
		};
/* End XCBuildConfiguration section */

/* Begin XCConfigurationList section */
		028521F42065A8F90090EF01 /* Build configuration list for PBXProject "SwiftMagic" */ = {
			isa = XCConfigurationList;
			buildConfigurations = (
				0285220C2065A8F90090EF01 /* Debug */,
				0285220D2065A8F90090EF01 /* Release */,
			);
			defaultConfigurationIsVisible = 0;
			defaultConfigurationName = Release;
		};
		0285220E2065A8F90090EF01 /* Build configuration list for PBXNativeTarget "SwiftMagic" */ = {
			isa = XCConfigurationList;
			buildConfigurations = (
				0285220F2065A8F90090EF01 /* Debug */,
				028522102065A8F90090EF01 /* Release */,
			);
			defaultConfigurationIsVisible = 0;
			defaultConfigurationName = Release;
		};
		028522112065A8F90090EF01 /* Build configuration list for PBXNativeTarget "SwiftMagicTests" */ = {
			isa = XCConfigurationList;
			buildConfigurations = (
				028522122065A8F90090EF01 /* Debug */,
				028522132065A8F90090EF01 /* Release */,
			);
			defaultConfigurationIsVisible = 0;
			defaultConfigurationName = Release;
		};
/* End XCConfigurationList section */
	};
	rootObject = 028521F12065A8F90090EF01 /* Project object */;
}
